
Microsoft Visual Studio Solution File, Format Version 12.00
# Visual Studio Version 17
VisualStudioVersion = 17.8.34525.116
MinimumVisualStudioVersion = 10.0.40219.1
Project("{FAE04EC0-301F-11D3-BF4B-00C04F79EFBC}") = "ProjetoWebApiAtualizado", "ProjetoWebApiAtualizado\ProjetoWebApiAtualizado.csproj", "{F88B25BB-9ACF-4743-883D-466E4BFD282D}"
EndProject
Global
	GlobalSection(SolutionConfigurationPlatforms) = preSolution
		Debug|Any CPU = Debug|Any CPU
		Release|Any CPU = Release|Any CPU
	EndGlobalSection
	GlobalSection(ProjectConfigurationPlatforms) = postSolution
		{F88B25BB-9ACF-4743-883D-466E4BFD282D}.Debug|Any CPU.ActiveCfg = Debug|Any CPU
		{F88B25BB-9ACF-4743-883D-466E4BFD282D}.Debug|Any CPU.Build.0 = Debug|Any CPU
		{F88B25BB-9ACF-4743-883D-466E4BFD282D}.Release|Any CPU.ActiveCfg = Release|Any CPU
		{F88B25BB-9ACF-4743-883D-466E4BFD282D}.Release|Any CPU.Build.0 = Release|Any CPU
	EndGlobalSection
	GlobalSection(SolutionProperties) = preSolution
		HideSolutionNode = FALSE
	EndGlobalSection
	GlobalSection(ExtensibilityGlobals) = postSolution
		SolutionGuid = {A21328A5-B949-4338-B513-6CE179C30413}
	EndGlobalSection
EndGlobal
